// !$*UTF8*$!
{
	archiveVersion = 1;
	classes = {
	};
	objectVersion = 50;
	objects = {

/* Begin PBXBuildFile section */
		04473050212E91BA00D9BEA7 /* AppDelegate.m in Sources */ = {isa = PBXBuildFile; fileRef = 0447304F212E91BA00D9BEA7 /* AppDelegate.m */; };
		04473053212E91BA00D9BEA7 /* ViewController.m in Sources */ = {isa = PBXBuildFile; fileRef = 04473052212E91BA00D9BEA7 /* ViewController.m */; };
		04473056212E91BA00D9BEA7 /* Main.storyboard in Resources */ = {isa = PBXBuildFile; fileRef = 04473054212E91BA00D9BEA7 /* Main.storyboard */; };
		04473058212E91C500D9BEA7 /* Assets.xcassets in Resources */ = {isa = PBXBuildFile; fileRef = 04473057212E91C500D9BEA7 /* Assets.xcassets */; };
		0447305B212E91C500D9BEA7 /* LaunchScreen.storyboard in Resources */ = {isa = PBXBuildFile; fileRef = 04473059212E91C500D9BEA7 /* LaunchScreen.storyboard */; };
		0447305E212E91C500D9BEA7 /* main.m in Sources */ = {isa = PBXBuildFile; fileRef = 0447305D212E91C500D9BEA7 /* main.m */; };
		04473068212E91C500D9BEA7 /* testATests.m in Sources */ = {isa = PBXBuildFile; fileRef = 04473067212E91C500D9BEA7 /* testATests.m */; };
		04473073212E91C500D9BEA7 /* testAUITests.m in Sources */ = {isa = PBXBuildFile; fileRef = 04473072212E91C500D9BEA7 /* testAUITests.m */; };
/* End PBXBuildFile section */

/* Begin PBXContainerItemProxy section */
		04473064212E91C500D9BEA7 /* PBXContainerItemProxy */ = {
			isa = PBXContainerItemProxy;
			containerPortal = 04473043212E91BA00D9BEA7 /* Project object */;
			proxyType = 1;
			remoteGlobalIDString = 0447304A212E91BA00D9BEA7;
			remoteInfo = testA;
		};
		0447306F212E91C500D9BEA7 /* PBXContainerItemProxy */ = {
			isa = PBXContainerItemProxy;
			containerPortal = 04473043212E91BA00D9BEA7 /* Project object */;
			proxyType = 1;
			remoteGlobalIDString = 0447304A212E91BA00D9BEA7;
			remoteInfo = testA;
		};
/* End PBXContainerItemProxy section */

/* Begin PBXFileReference section */
		0447304B212E91BA00D9BEA7 /* testA.app */ = {isa = PBXFileReference; explicitFileType = wrapper.application; includeInIndex = 0; path = testA.app; sourceTree = BUILT_PRODUCTS_DIR; };
		0447304E212E91BA00D9BEA7 /* AppDelegate.h */ = {isa = PBXFileReference; lastKnownFileType = sourcecode.c.h; path = AppDelegate.h; sourceTree = "<group>"; };
		0447304F212E91BA00D9BEA7 /* AppDelegate.m */ = {isa = PBXFileReference; lastKnownFileType = sourcecode.c.objc; path = AppDelegate.m; sourceTree = "<group>"; };
		04473051212E91BA00D9BEA7 /* ViewController.h */ = {isa = PBXFileReference; lastKnownFileType = sourcecode.c.h; path = ViewController.h; sourceTree = "<group>"; };
		04473052212E91BA00D9BEA7 /* ViewController.m */ = {isa = PBXFileReference; lastKnownFileType = sourcecode.c.objc; path = ViewController.m; sourceTree = "<group>"; };
		04473055212E91BA00D9BEA7 /* Base */ = {isa = PBXFileReference; lastKnownFileType = file.storyboard; name = Base; path = Base.lproj/Main.storyboard; sourceTree = "<group>"; };
		04473057212E91C500D9BEA7 /* Assets.xcassets */ = {isa = PBXFileReference; lastKnownFileType = folder.assetcatalog; path = Assets.xcassets; sourceTree = "<group>"; };
		0447305A212E91C500D9BEA7 /* Base */ = {isa = PBXFileReference; lastKnownFileType = file.storyboard; name = Base; path = Base.lproj/LaunchScreen.storyboard; sourceTree = "<group>"; };
		0447305C212E91C500D9BEA7 /* Info.plist */ = {isa = PBXFileReference; lastKnownFileType = text.plist.xml; path = Info.plist; sourceTree = "<group>"; };
		0447305D212E91C500D9BEA7 /* main.m */ = {isa = PBXFileReference; lastKnownFileType = sourcecode.c.objc; path = main.m; sourceTree = "<group>"; };
		04473063212E91C500D9BEA7 /* testATests.xctest */ = {isa = PBXFileReference; explicitFileType = wrapper.cfbundle; includeInIndex = 0; path = testATests.xctest; sourceTree = BUILT_PRODUCTS_DIR; };
		04473067212E91C500D9BEA7 /* testATests.m */ = {isa = PBXFileReference; lastKnownFileType = sourcecode.c.objc; path = testATests.m; sourceTree = "<group>"; };
		04473069212E91C500D9BEA7 /* Info.plist */ = {isa = PBXFileReference; lastKnownFileType = text.plist.xml; path = Info.plist; sourceTree = "<group>"; };
		0447306E212E91C500D9BEA7 /* testAUITests.xctest */ = {isa = PBXFileReference; explicitFileType = wrapper.cfbundle; includeInIndex = 0; path = testAUITests.xctest; sourceTree = BUILT_PRODUCTS_DIR; };
		04473072212E91C500D9BEA7 /* testAUITests.m */ = {isa = PBXFileReference; lastKnownFileType = sourcecode.c.objc; path = testAUITests.m; sourceTree = "<group>"; };
		04473074212E91C500D9BEA7 /* Info.plist */ = {isa = PBXFileReference; lastKnownFileType = text.plist.xml; path = Info.plist; sourceTree = "<group>"; };
/* End PBXFileReference section */

/* Begin PBXFrameworksBuildPhase section */
		04473048212E91BA00D9BEA7 /* Frameworks */ = {
			isa = PBXFrameworksBuildPhase;
			buildActionMask = 2147483647;
			files = (
			);
			runOnlyForDeploymentPostprocessing = 0;
		};
		04473060212E91C500D9BEA7 /* Frameworks */ = {
			isa = PBXFrameworksBuildPhase;
			buildActionMask = 2147483647;
			files = (
			);
			runOnlyForDeploymentPostprocessing = 0;
		};
		0447306B212E91C500D9BEA7 /* Frameworks */ = {
			isa = PBXFrameworksBuildPhase;
			buildActionMask = 2147483647;
			files = (
			);
			runOnlyForDeploymentPostprocessing = 0;
		};
/* End PBXFrameworksBuildPhase section */

/* Begin PBXGroup section */
		04473042212E91BA00D9BEA7 = {
			isa = PBXGroup;
			children = (
				0447304D212E91BA00D9BEA7 /* testA */,
				04473066212E91C500D9BEA7 /* testATests */,
				04473071212E91C500D9BEA7 /* testAUITests */,
				0447304C212E91BA00D9BEA7 /* Products */,
			);
			sourceTree = "<group>";
		};
		0447304C212E91BA00D9BEA7 /* Products */ = {
			isa = PBXGroup;
			children = (
				0447304B212E91BA00D9BEA7 /* testA.app */,
				04473063212E91C500D9BEA7 /* testATests.xctest */,
				0447306E212E91C500D9BEA7 /* testAUITests.xctest */,
			);
			name = Products;
			sourceTree = "<group>";
		};
		0447304D212E91BA00D9BEA7 /* testA */ = {
			isa = PBXGroup;
			children = (
				0447304E212E91BA00D9BEA7 /* AppDelegate.h */,
				0447304F212E91BA00D9BEA7 /* AppDelegate.m */,
				04473051212E91BA00D9BEA7 /* ViewController.h */,
				04473052212E91BA00D9BEA7 /* ViewController.m */,
				04473054212E91BA00D9BEA7 /* Main.storyboard */,
				04473057212E91C500D9BEA7 /* Assets.xcassets */,
				04473059212E91C500D9BEA7 /* LaunchScreen.storyboard */,
				0447305C212E91C500D9BEA7 /* Info.plist */,
				0447305D212E91C500D9BEA7 /* main.m */,
			);
			path = testA;
			sourceTree = "<group>";
		};
		04473066212E91C500D9BEA7 /* testATests */ = {
			isa = PBXGroup;
			children = (
				04473067212E91C500D9BEA7 /* testATests.m */,
				04473069212E91C500D9BEA7 /* Info.plist */,
			);
			path = testATests;
			sourceTree = "<group>";
		};
		04473071212E91C500D9BEA7 /* testAUITests */ = {
			isa = PBXGroup;
			children = (
				04473072212E91C500D9BEA7 /* testAUITests.m */,
				04473074212E91C500D9BEA7 /* Info.plist */,
			);
			path = testAUITests;
			sourceTree = "<group>";
		};
/* End PBXGroup section */

/* Begin PBXNativeTarget section */
		0447304A212E91BA00D9BEA7 /* testA */ = {
			isa = PBXNativeTarget;
			buildConfigurationList = 04473077212E91C500D9BEA7 /* Build configuration list for PBXNativeTarget "testA" */;
			buildPhases = (
				04473047212E91BA00D9BEA7 /* Sources */,
				04473048212E91BA00D9BEA7 /* Frameworks */,
				04473049212E91BA00D9BEA7 /* Resources */,
			);
			buildRules = (
			);
			dependencies = (
			);
			name = testA;
			productName = testA;
			productReference = 0447304B212E91BA00D9BEA7 /* testA.app */;
			productType = "com.apple.product-type.application";
		};
		04473062212E91C500D9BEA7 /* testATests */ = {
			isa = PBXNativeTarget;
			buildConfigurationList = 0447307A212E91C500D9BEA7 /* Build configuration list for PBXNativeTarget "testATests" */;
			buildPhases = (
				0447305F212E91C500D9BEA7 /* Sources */,
				04473060212E91C500D9BEA7 /* Frameworks */,
				04473061212E91C500D9BEA7 /* Resources */,
			);
			buildRules = (
			);
			dependencies = (
				04473065212E91C500D9BEA7 /* PBXTargetDependency */,
			);
			name = testATests;
			productName = testATests;
			productReference = 04473063212E91C500D9BEA7 /* testATests.xctest */;
			productType = "com.apple.product-type.bundle.unit-test";
		};
		0447306D212E91C500D9BEA7 /* testAUITests */ = {
			isa = PBXNativeTarget;
			buildConfigurationList = 0447307D212E91C500D9BEA7 /* Build configuration list for PBXNativeTarget "testAUITests" */;
			buildPhases = (
				0447306A212E91C500D9BEA7 /* Sources */,
				0447306B212E91C500D9BEA7 /* Frameworks */,
				0447306C212E91C500D9BEA7 /* Resources */,
			);
			buildRules = (
			);
			dependencies = (
				04473070212E91C500D9BEA7 /* PBXTargetDependency */,
			);
			name = testAUITests;
			productName = testAUITests;
			productReference = 0447306E212E91C500D9BEA7 /* testAUITests.xctest */;
			productType = "com.apple.product-type.bundle.ui-testing";
		};
/* End PBXNativeTarget section */

/* Begin PBXProject section */
		04473043212E91BA00D9BEA7 /* Project object */ = {
			isa = PBXProject;
			attributes = {
				LastUpgradeCheck = 0940;
				ORGANIZATIONNAME = mac;
				TargetAttributes = {
					0447304A212E91BA00D9BEA7 = {
						CreatedOnToolsVersion = 9.4.1;
					};
					04473062212E91C500D9BEA7 = {
						CreatedOnToolsVersion = 9.4.1;
						TestTargetID = 0447304A212E91BA00D9BEA7;
					};
					0447306D212E91C500D9BEA7 = {
						CreatedOnToolsVersion = 9.4.1;
						TestTargetID = 0447304A212E91BA00D9BEA7;
					};
				};
			};
			buildConfigurationList = 04473046212E91BA00D9BEA7 /* Build configuration list for PBXProject "testA" */;
			compatibilityVersion = "Xcode 9.3";
			developmentRegion = en;
			hasScannedForEncodings = 0;
			knownRegions = (
				en,
				Base,
			);
			mainGroup = 04473042212E91BA00D9BEA7;
			productRefGroup = 0447304C212E91BA00D9BEA7 /* Products */;
			projectDirPath = "";
			projectRoot = "";
			targets = (
				0447304A212E91BA00D9BEA7 /* testA */,
				04473062212E91C500D9BEA7 /* testATests */,
				0447306D212E91C500D9BEA7 /* testAUITests */,
			);
		};
/* End PBXProject section */

/* Begin PBXResourcesBuildPhase section */
		04473049212E91BA00D9BEA7 /* Resources */ = {
			isa = PBXResourcesBuildPhase;
			buildActionMask = 2147483647;
			files = (
				0447305B212E91C500D9BEA7 /* LaunchScreen.storyboard in Resources */,
				04473058212E91C500D9BEA7 /* Assets.xcassets in Resources */,
				04473056212E91BA00D9BEA7 /* Main.storyboard in Resources */,
			);
			runOnlyForDeploymentPostprocessing = 0;
		};
		04473061212E91C500D9BEA7 /* Resources */ = {
			isa = PBXResourcesBuildPhase;
			buildActionMask = 2147483647;
			files = (
			);
			runOnlyForDeploymentPostprocessing = 0;
		};
		0447306C212E91C500D9BEA7 /* Resources */ = {
			isa = PBXResourcesBuildPhase;
			buildActionMask = 2147483647;
			files = (
			);
			runOnlyForDeploymentPostprocessing = 0;
		};
/* End PBXResourcesBuildPhase section */

/* Begin PBXSourcesBuildPhase section */
		04473047212E91BA00D9BEA7 /* Sources */ = {
			isa = PBXSourcesBuildPhase;
			buildActionMask = 2147483647;
			files = (
				04473053212E91BA00D9BEA7 /* ViewController.m in Sources */,
				0447305E212E91C500D9BEA7 /* main.m in Sources */,
				04473050212E91BA00D9BEA7 /* AppDelegate.m in Sources */,
			);
			runOnlyForDeploymentPostprocessing = 0;
		};
		0447305F212E91C500D9BEA7 /* Sources */ = {
			isa = PBXSourcesBuildPhase;
			buildActionMask = 2147483647;
			files = (
				04473068212E91C500D9BEA7 /* testATests.m in Sources */,
			);
			runOnlyForDeploymentPostprocessing = 0;
		};
		0447306A212E91C500D9BEA7 /* Sources */ = {
			isa = PBXSourcesBuildPhase;
			buildActionMask = 2147483647;
			files = (
				04473073212E91C500D9BEA7 /* testAUITests.m in Sources */,
			);
			runOnlyForDeploymentPostprocessing = 0;
		};
/* End PBXSourcesBuildPhase section */

/* Begin PBXTargetDependency section */
		04473065212E91C500D9BEA7 /* PBXTargetDependency */ = {
			isa = PBXTargetDependency;
			target = 0447304A212E91BA00D9BEA7 /* testA */;
			targetProxy = 04473064212E91C500D9BEA7 /* PBXContainerItemProxy */;
		};
		04473070212E91C500D9BEA7 /* PBXTargetDependency */ = {
			isa = PBXTargetDependency;
			target = 0447304A212E91BA00D9BEA7 /* testA */;
			targetProxy = 0447306F212E91C500D9BEA7 /* PBXContainerItemProxy */;
		};
/* End PBXTargetDependency section */

/* Begin PBXVariantGroup section */
		04473054212E91BA00D9BEA7 /* Main.storyboard */ = {
			isa = PBXVariantGroup;
			children = (
				04473055212E91BA00D9BEA7 /* Base */,
			);
			name = Main.storyboard;
			sourceTree = "<group>";
		};
		04473059212E91C500D9BEA7 /* LaunchScreen.storyboard */ = {
			isa = PBXVariantGroup;
			children = (
				0447305A212E91C500D9BEA7 /* Base */,
			);
			name = LaunchScreen.storyboard;
			sourceTree = "<group>";
		};
/* End PBXVariantGroup section */

/* Begin XCBuildConfiguration section */
		04473075212E91C500D9BEA7 /* Debug */ = {
			isa = XCBuildConfiguration;
			buildSettings = {
				ALWAYS_SEARCH_USER_PATHS = NO;
				CLANG_ANALYZER_NONNULL = YES;
				CLANG_ANALYZER_NUMBER_OBJECT_CONVERSION = YES_AGGRESSIVE;
				CLANG_CXX_LANGUAGE_STANDARD = "gnu++14";
				CLANG_CXX_LIBRARY = "libc++";
				CLANG_ENABLE_MODULES = YES;
				CLANG_ENABLE_OBJC_ARC = YES;
				CLANG_ENABLE_OBJC_WEAK = YES;
				CLANG_WARN_BLOCK_CAPTURE_AUTORELEASING = YES;
				CLANG_WARN_BOOL_CONVERSION = YES;
				CLANG_WARN_COMMA = YES;
				CLANG_WARN_CONSTANT_CONVERSION = YES;
				CLANG_WARN_DEPRECATED_OBJC_IMPLEMENTATIONS = YES;
				CLANG_WARN_DIRECT_OBJC_ISA_USAGE = YES_ERROR;
				CLANG_WARN_DOCUMENTATION_COMMENTS = YES;
				CLANG_WARN_EMPTY_BODY = YES;
				CLANG_WARN_ENUM_CONVERSION = YES;
				CLANG_WARN_INFINITE_RECURSION = YES;
				CLANG_WARN_INT_CONVERSION = YES;
				CLANG_WARN_NON_LITERAL_NULL_CONVERSION = YES;
				CLANG_WARN_OBJC_IMPLICIT_RETAIN_SELF = YES;
				CLANG_WARN_OBJC_LITERAL_CONVERSION = YES;
				CLANG_WARN_OBJC_ROOT_CLASS = YES_ERROR;
				CLANG_WARN_RANGE_LOOP_ANALYSIS = YES;
				CLANG_WARN_STRICT_PROTOTYPES = YES;
				CLANG_WARN_SUSPICIOUS_MOVE = YES;
				CLANG_WARN_UNGUARDED_AVAILABILITY = YES_AGGRESSIVE;
				CLANG_WARN_UNREACHABLE_CODE = YES;
				CLANG_WARN__DUPLICATE_METHOD_MATCH = YES;
				CODE_SIGN_IDENTITY = "iPhone Developer";
				COPY_PHASE_STRIP = NO;
				DEBUG_INFORMATION_FORMAT = dwarf;
				ENABLE_STRICT_OBJC_MSGSEND = YES;
				ENABLE_TESTABILITY = YES;
				GCC_C_LANGUAGE_STANDARD = gnu11;
				GCC_DYNAMIC_NO_PIC = NO;
				GCC_NO_COMMON_BLOCKS = YES;
				GCC_OPTIMIZATION_LEVEL = 0;
				GCC_PREPROCESSOR_DEFINITIONS = (
					"DEBUG=1",
					"$(inherited)",
				);
				GCC_WARN_64_TO_32_BIT_CONVERSION = YES;
				GCC_WARN_ABOUT_RETURN_TYPE = YES_ERROR;
				GCC_WARN_UNDECLARED_SELECTOR = YES;
				GCC_WARN_UNINITIALIZED_AUTOS = YES_AGGRESSIVE;
				GCC_WARN_UNUSED_FUNCTION = YES;
				GCC_WARN_UNUSED_VARIABLE = YES;
				IPHONEOS_DEPLOYMENT_TARGET = 11.4;
				MTL_ENABLE_DEBUG_INFO = YES;
				ONLY_ACTIVE_ARCH = YES;
				SDKROOT = iphoneos;
			};
			name = Debug;
		};
		04473076212E91C500D9BEA7 /* Release */ = {
			isa = XCBuildConfiguration;
			buildSettings = {
				ALWAYS_SEARCH_USER_PATHS = NO;
				CLANG_ANALYZER_NONNULL = YES;
				CLANG_ANALYZER_NUMBER_OBJECT_CONVERSION = YES_AGGRESSIVE;
				CLANG_CXX_LANGUAGE_STANDARD = "gnu++14";
				CLANG_CXX_LIBRARY = "libc++";
				CLANG_ENABLE_MODULES = YES;
				CLANG_ENABLE_OBJC_ARC = YES;
				CLANG_ENABLE_OBJC_WEAK = YES;
				CLANG_WARN_BLOCK_CAPTURE_AUTORELEASING = YES;
				CLANG_WARN_BOOL_CONVERSION = YES;
				CLANG_WARN_COMMA = YES;
				CLANG_WARN_CONSTANT_CONVERSION = YES;
				CLANG_WARN_DEPRECATED_OBJC_IMPLEMENTATIONS = YES;
				CLANG_WARN_DIRECT_OBJC_ISA_USAGE = YES_ERROR;
				CLANG_WARN_DOCUMENTATION_COMMENTS = YES;
				CLANG_WARN_EMPTY_BODY = YES;
				CLANG_WARN_ENUM_CONVERSION = YES;
				CLANG_WARN_INFINITE_RECURSION = YES;
				CLANG_WARN_INT_CONVERSION = YES;
				CLANG_WARN_NON_LITERAL_NULL_CONVERSION = YES;
				CLANG_WARN_OBJC_IMPLICIT_RETAIN_SELF = YES;
				CLANG_WARN_OBJC_LITERAL_CONVERSION = YES;
				CLANG_WARN_OBJC_ROOT_CLASS = YES_ERROR;
				CLANG_WARN_RANGE_LOOP_ANALYSIS = YES;
				CLANG_WARN_STRICT_PROTOTYPES = YES;
				CLANG_WARN_SUSPICIOUS_MOVE = YES;
				CLANG_WARN_UNGUARDED_AVAILABILITY = YES_AGGRESSIVE;
				CLANG_WARN_UNREACHABLE_CODE = YES;
				CLANG_WARN__DUPLICATE_METHOD_MATCH = YES;
				CODE_SIGN_IDENTITY = "iPhone Developer";
				COPY_PHASE_STRIP = NO;
				DEBUG_INFORMATION_FORMAT = "dwarf-with-dsym";
				ENABLE_NS_ASSERTIONS = NO;
				ENABLE_STRICT_OBJC_MSGSEND = YES;
				GCC_C_LANGUAGE_STANDARD = gnu11;
				GCC_NO_COMMON_BLOCKS = YES;
				GCC_WARN_64_TO_32_BIT_CONVERSION = YES;
				GCC_WARN_ABOUT_RETURN_TYPE = YES_ERROR;
				GCC_WARN_UNDECLARED_SELECTOR = YES;
				GCC_WARN_UNINITIALIZED_AUTOS = YES_AGGRESSIVE;
				GCC_WARN_UNUSED_FUNCTION = YES;
				GCC_WARN_UNUSED_VARIABLE = YES;
				IPHONEOS_DEPLOYMENT_TARGET = 11.4;
				MTL_ENABLE_DEBUG_INFO = NO;
				SDKROOT = iphoneos;
				VALIDATE_PRODUCT = YES;
			};
			name = Release;
		};
		04473078212E91C500D9BEA7 /* Debug */ = {
			isa = XCBuildConfiguration;
			buildSettings = {
				ASSETCATALOG_COMPILER_APPICON_NAME = AppIcon;
				CODE_SIGN_STYLE = Automatic;
				DEVELOPMENT_TEAM = 4PY29H7ZW7;
				INFOPLIST_FILE = testA/Info.plist;
				LD_RUNPATH_SEARCH_PATHS = (
					"$(inherited)",
					"@executable_path/Frameworks",
				);
				PRODUCT_BUNDLE_IDENTIFIER = mbl.testA;
				PRODUCT_NAME = "$(TARGET_NAME)";
				TARGETED_DEVICE_FAMILY = "1,2";
			};
			name = Debug;
		};
		04473079212E91C500D9BEA7 /* Release */ = {
			isa = XCBuildConfiguration;
			buildSettings = {
				ASSETCATALOG_COMPILER_APPICON_NAME = AppIcon;
				CODE_SIGN_STYLE = Automatic;
				DEVELOPMENT_TEAM = 4PY29H7ZW7;
				INFOPLIST_FILE = testA/Info.plist;
				LD_RUNPATH_SEARCH_PATHS = (
					"$(inherited)",
					"@executable_path/Frameworks",
				);
				PRODUCT_BUNDLE_IDENTIFIER = mbl.testA;
				PRODUCT_NAME = "$(TARGET_NAME)";
				TARGETED_DEVICE_FAMILY = "1,2";
			};
			name = Release;
		};
		0447307B212E91C500D9BEA7 /* Debug */ = {
			isa = XCBuildConfiguration;
			buildSettings = {
				BUNDLE_LOADER = "$(TEST_HOST)";
				CODE_SIGN_STYLE = Automatic;
				DEVELOPMENT_TEAM = 4PY29H7ZW7;
				INFOPLIST_FILE = testATests/Info.plist;
				LD_RUNPATH_SEARCH_PATHS = (
					"$(inherited)",
					"@executable_path/Frameworks",
					"@loader_path/Frameworks",
				);
				PRODUCT_BUNDLE_IDENTIFIER = mbl.testATests;
				PRODUCT_NAME = "$(TARGET_NAME)";
				TARGETED_DEVICE_FAMILY = "1,2";
				TEST_HOST = "$(BUILT_PRODUCTS_DIR)/testA.app/testA";
			};
			name = Debug;
		};
		0447307C212E91C500D9BEA7 /* Release */ = {
			isa = XCBuildConfiguration;
			buildSettings = {
				BUNDLE_LOADER = "$(TEST_HOST)";
				CODE_SIGN_STYLE = Automatic;
				DEVELOPMENT_TEAM = 4PY29H7ZW7;
				INFOPLIST_FILE = testATests/Info.plist;
				LD_RUNPATH_SEARCH_PATHS = (
					"$(inherited)",
					"@executable_path/Frameworks",
					"@loader_path/Frameworks",
				);
				PRODUCT_BUNDLE_IDENTIFIER = mbl.testATests;
				PRODUCT_NAME = "$(TARGET_NAME)";
				TARGETED_DEVICE_FAMILY = "1,2";
				TEST_HOST = "$(BUILT_PRODUCTS_DIR)/testA.app/testA";
			};
			name = Release;
		};
		0447307E212E91C500D9BEA7 /* Debug */ = {
			isa = XCBuildConfiguration;
			buildSettings = {
				CODE_SIGN_STYLE = Automatic;
				DEVELOPMENT_TEAM = 4PY29H7ZW7;
				INFOPLIST_FILE = testAUITests/Info.plist;
				LD_RUNPATH_SEARCH_PATHS = (
					"$(inherited)",
					"@executable_path/Frameworks",
					"@loader_path/Frameworks",
				);
				PRODUCT_BUNDLE_IDENTIFIER = mbl.testAUITests;
				PRODUCT_NAME = "$(TARGET_NAME)";
				TARGETED_DEVICE_FAMILY = "1,2";
				TEST_TARGET_NAME = testA;
			};
			name = Debug;
		};
		0447307F212E91C500D9BEA7 /* Release */ = {
			isa = XCBuildConfiguration;
			buildSettings = {
				CODE_SIGN_STYLE = Automatic;
				DEVELOPMENT_TEAM = 4PY29H7ZW7;
				INFOPLIST_FILE = testAUITests/Info.plist;
				LD_RUNPATH_SEARCH_PATHS = (
					"$(inherited)",
					"@executable_path/Frameworks",
					"@loader_path/Frameworks",
				);
				PRODUCT_BUNDLE_IDENTIFIER = mbl.testAUITests;
				PRODUCT_NAME = "$(TARGET_NAME)";
				TARGETED_DEVICE_FAMILY = "1,2";
				TEST_TARGET_NAME = testA;
			};
			name = Release;
		};
/* End XCBuildConfiguration section */

/* Begin XCConfigurationList section */
		04473046212E91BA00D9BEA7 /* Build configuration list for PBXProject "testA" */ = {
			isa = XCConfigurationList;
			buildConfigurations = (
				04473075212E91C500D9BEA7 /* Debug */,
				04473076212E91C500D9BEA7 /* Release */,
			);
			defaultConfigurationIsVisible = 0;
			defaultConfigurationName = Release;
		};
		04473077212E91C500D9BEA7 /* Build configuration list for PBXNativeTarget "testA" */ = {
			isa = XCConfigurationList;
			buildConfigurations = (
				04473078212E91C500D9BEA7 /* Debug */,
				04473079212E91C500D9BEA7 /* Release */,
			);
			defaultConfigurationIsVisible = 0;
			defaultConfigurationName = Release;
		};
		0447307A212E91C500D9BEA7 /* Build configuration list for PBXNativeTarget "testATests" */ = {
			isa = XCConfigurationList;
			buildConfigurations = (
				0447307B212E91C500D9BEA7 /* Debug */,
				0447307C212E91C500D9BEA7 /* Release */,
			);
			defaultConfigurationIsVisible = 0;
			defaultConfigurationName = Release;
		};
		0447307D212E91C500D9BEA7 /* Build configuration list for PBXNativeTarget "testAUITests" */ = {
			isa = XCConfigurationList;
			buildConfigurations = (
				0447307E212E91C500D9BEA7 /* Debug */,
				0447307F212E91C500D9BEA7 /* Release */,
			);
			defaultConfigurationIsVisible = 0;
			defaultConfigurationName = Release;
		};
/* End XCConfigurationList section */
	};
	rootObject = 04473043212E91BA00D9BEA7 /* Project object */;
}
